
Microsoft Visual Studio Solution File, Format Version 12.00
# Visual Studio Version 16
VisualStudioVersion = 16.0.30114.105
MinimumVisualStudioVersion = 10.0.40219.1
Project("{FAE04EC0-301F-11D3-BF4B-00C04F79EFBC}") = "azicloud.wiki", "azicloud.wiki\azicloud.wiki.csproj", "{F52FFB24-5475-4E40-B5D2-B22B9CEDD210}"
EndProject
Project("{FAE04EC0-301F-11D3-BF4B-00C04F79EFBC}") = "azicloud.wiki.bo", "azicloud.wiki.bo\azicloud.wiki.bo.csproj", "{5414FB82-5CE9-40EA-A203-E3C194666DED}"
EndProject
Global
	GlobalSection(SolutionConfigurationPlatforms) = preSolution
		Debug|Any CPU = Debug|Any CPU
		Debug|x64 = Debug|x64
		Debug|x86 = Debug|x86
		Release|Any CPU = Release|Any CPU
		Release|x64 = Release|x64
		Release|x86 = Release|x86
	EndGlobalSection
	GlobalSection(SolutionProperties) = preSolution
		HideSolutionNode = FALSE
	EndGlobalSection
	GlobalSection(ProjectConfigurationPlatforms) = postSolution
		{F52FFB24-5475-4E40-B5D2-B22B9CEDD210}.Debug|Any CPU.ActiveCfg = Debug|Any CPU
		{F52FFB24-5475-4E40-B5D2-B22B9CEDD210}.Debug|Any CPU.Build.0 = Debug|Any CPU
		{F52FFB24-5475-4E40-B5D2-B22B9CEDD210}.Debug|x64.ActiveCfg = Debug|Any CPU
		{F52FFB24-5475-4E40-B5D2-B22B9CEDD210}.Debug|x64.Build.0 = Debug|Any CPU
		{F52FFB24-5475-4E40-B5D2-B22B9CEDD210}.Debug|x86.ActiveCfg = Debug|Any CPU
		{F52FFB24-5475-4E40-B5D2-B22B9CEDD210}.Debug|x86.Build.0 = Debug|Any CPU
		{F52FFB24-5475-4E40-B5D2-B22B9CEDD210}.Release|Any CPU.ActiveCfg = Release|Any CPU
		{F52FFB24-5475-4E40-B5D2-B22B9CEDD210}.Release|Any CPU.Build.0 = Release|Any CPU
		{F52FFB24-5475-4E40-B5D2-B22B9CEDD210}.Release|x64.ActiveCfg = Release|Any CPU
		{F52FFB24-5475-4E40-B5D2-B22B9CEDD210}.Release|x64.Build.0 = Release|Any CPU
		{F52FFB24-5475-4E40-B5D2-B22B9CEDD210}.Release|x86.ActiveCfg = Release|Any CPU
		{F52FFB24-5475-4E40-B5D2-B22B9CEDD210}.Release|x86.Build.0 = Release|Any CPU
		{5414FB82-5CE9-40EA-A203-E3C194666DED}.Debug|Any CPU.ActiveCfg = Debug|Any CPU
		{5414FB82-5CE9-40EA-A203-E3C194666DED}.Debug|Any CPU.Build.0 = Debug|Any CPU
		{5414FB82-5CE9-40EA-A203-E3C194666DED}.Debug|x64.ActiveCfg = Debug|Any CPU
		{5414FB82-5CE9-40EA-A203-E3C194666DED}.Debug|x64.Build.0 = Debug|Any CPU
		{5414FB82-5CE9-40EA-A203-E3C194666DED}.Debug|x86.ActiveCfg = Debug|Any CPU
		{5414FB82-5CE9-40EA-A203-E3C194666DED}.Debug|x86.Build.0 = Debug|Any CPU
		{5414FB82-5CE9-40EA-A203-E3C194666DED}.Release|Any CPU.ActiveCfg = Release|Any CPU
		{5414FB82-5CE9-40EA-A203-E3C194666DED}.Release|Any CPU.Build.0 = Release|Any CPU
		{5414FB82-5CE9-40EA-A203-E3C194666DED}.Release|x64.ActiveCfg = Release|Any CPU
		{5414FB82-5CE9-40EA-A203-E3C194666DED}.Release|x64.Build.0 = Release|Any CPU
		{5414FB82-5CE9-40EA-A203-E3C194666DED}.Release|x86.ActiveCfg = Release|Any CPU
		{5414FB82-5CE9-40EA-A203-E3C194666DED}.Release|x86.Build.0 = Release|Any CPU
	EndGlobalSection
EndGlobal
